
Microsoft Visual Studio Solution File, Format Version 12.00
# Visual Studio Version 16
VisualStudioVersion = 16.0.33214.272
MinimumVisualStudioVersion = 10.0.40219.1
Project("{9A19103F-16F7-4668-BE54-9A1E7A4F7556}") = "EventMentorSystem", "EventMentorSystem\EventMentorSystem.csproj", "{714DE67A-C04E-491E-82A1-3904BE62A68A}"
EndProject
Project("{9A19103F-16F7-4668-BE54-9A1E7A4F7556}") = "EMS.DB", "EMS.DB\EMS.DB.csproj", "{71B018E7-E835-4BC2-A6BA-DB2E14DBFB14}"
EndProject
Global
	GlobalSection(SolutionConfigurationPlatforms) = preSolution
		Debug|Any CPU = Debug|Any CPU
		Release|Any CPU = Release|Any CPU
	EndGlobalSection
	GlobalSection(ProjectConfigurationPlatforms) = postSolution
		{714DE67A-C04E-491E-82A1-3904BE62A68A}.Debug|Any CPU.ActiveCfg = Debug|Any CPU
		{714DE67A-C04E-491E-82A1-3904BE62A68A}.Debug|Any CPU.Build.0 = Debug|Any CPU
		{714DE67A-C04E-491E-82A1-3904BE62A68A}.Release|Any CPU.ActiveCfg = Release|Any CPU
		{714DE67A-C04E-491E-82A1-3904BE62A68A}.Release|Any CPU.Build.0 = Release|Any CPU
		{71B018E7-E835-4BC2-A6BA-DB2E14DBFB14}.Debug|Any CPU.ActiveCfg = Debug|Any CPU
		{71B018E7-E835-4BC2-A6BA-DB2E14DBFB14}.Debug|Any CPU.Build.0 = Debug|Any CPU
		{71B018E7-E835-4BC2-A6BA-DB2E14DBFB14}.Release|Any CPU.ActiveCfg = Release|Any CPU
		{71B018E7-E835-4BC2-A6BA-DB2E14DBFB14}.Release|Any CPU.Build.0 = Release|Any CPU
	EndGlobalSection
	GlobalSection(SolutionProperties) = preSolution
		HideSolutionNode = FALSE
	EndGlobalSection
	GlobalSection(ExtensibilityGlobals) = postSolution
		SolutionGuid = {98A08B21-E97D-4CF1-BF11-62252443ABB1}
	EndGlobalSection
EndGlobal
